
Microsoft Visual Studio Solution File, Format Version 12.00
# Visual Studio Version 17
VisualStudioVersion = 17.0.32126.317
MinimumVisualStudioVersion = 10.0.40219.1
Project("{FAE04EC0-301F-11D3-BF4B-00C04F79EFBC}") = "X_of_a_Kind_in_a_Deck_of_Cards", "LeetCode\X_of_a_Kind_in_a_Deck_of_Cards.csproj", "{6C3E6517-BE04-4B3D-AA7C-DD3B1FA1CB97}"
EndProject
Project("{FAE04EC0-301F-11D3-BF4B-00C04F79EFBC}") = "Short_Encoding_of_Words", "Short_Encoding_of_Words\Short_Encoding_of_Words.csproj", "{6B29E6F5-3AAD-4B81-835D-CC74C4318C07}"
EndProject
Project("{FAE04EC0-301F-11D3-BF4B-00C04F79EFBC}") = "LCOF", "LCOF\LCOF.csproj", "{4F18B772-67ED-4AA0-9911-F56563A053B0}"
EndProject
Project("{FAE04EC0-301F-11D3-BF4B-00C04F79EFBC}") = "ArraySort", "ArraySort\ArraySort.csproj", "{31FD86AA-DA48-4D70-8205-9E048726BB58}"
EndProject
Project("{FAE04EC0-301F-11D3-BF4B-00C04F79EFBC}") = "Valid_Parentheses", "Valid_Parentheses\Valid_Parentheses.csproj", "{1816EF36-9650-46EF-8DC0-A5B6CAD1D042}"
EndProject
Project("{FAE04EC0-301F-11D3-BF4B-00C04F79EFBC}") = "Game_Of_Life", "Game_Of_Life\Game_Of_Life.csproj", "{49F0C452-F47F-480A-966D-8CAC7DCCB4AE}"
EndProject
Project("{FAE04EC0-301F-11D3-BF4B-00C04F79EFBC}") = "String_to_Integer(atoi)", "String_to_Integer(atoi)\String_to_Integer(atoi).csproj", "{A13175EE-06C1-4265-BE04-9E7D7B8B9D11}"
EndProject
Project("{FAE04EC0-301F-11D3-BF4B-00C04F79EFBC}") = "Rotate_Matrix_LCCI", "Rotate_Matrix_LCCI\Rotate_Matrix_LCCI.csproj", "{2A7116D4-E277-4BE1-A72C-DB27FFFBA022}"
EndProject
Project("{FAE04EC0-301F-11D3-BF4B-00C04F79EFBC}") = "Anagram", "Anagram\Anagram.csproj", "{92AC0388-9305-49F3-BF49-500026532245}"
EndProject
Project("{FAE04EC0-301F-11D3-BF4B-00C04F79EFBC}") = "Majority_Element", "Majority_Element\Majority_Element.csproj", "{1AE9F379-7900-4CA4-A662-8C157EE52017}"
EndProject
Global
	GlobalSection(SolutionConfigurationPlatforms) = preSolution
		Debug|Any CPU = Debug|Any CPU
		Release|Any CPU = Release|Any CPU
	EndGlobalSection
	GlobalSection(ProjectConfigurationPlatforms) = postSolution
		{6C3E6517-BE04-4B3D-AA7C-DD3B1FA1CB97}.Debug|Any CPU.ActiveCfg = Debug|Any CPU
		{6C3E6517-BE04-4B3D-AA7C-DD3B1FA1CB97}.Debug|Any CPU.Build.0 = Debug|Any CPU
		{6C3E6517-BE04-4B3D-AA7C-DD3B1FA1CB97}.Release|Any CPU.ActiveCfg = Release|Any CPU
		{6C3E6517-BE04-4B3D-AA7C-DD3B1FA1CB97}.Release|Any CPU.Build.0 = Release|Any CPU
		{6B29E6F5-3AAD-4B81-835D-CC74C4318C07}.Debug|Any CPU.ActiveCfg = Debug|Any CPU
		{6B29E6F5-3AAD-4B81-835D-CC74C4318C07}.Debug|Any CPU.Build.0 = Debug|Any CPU
		{6B29E6F5-3AAD-4B81-835D-CC74C4318C07}.Release|Any CPU.ActiveCfg = Release|Any CPU
		{6B29E6F5-3AAD-4B81-835D-CC74C4318C07}.Release|Any CPU.Build.0 = Release|Any CPU
		{4F18B772-67ED-4AA0-9911-F56563A053B0}.Debug|Any CPU.ActiveCfg = Debug|Any CPU
		{4F18B772-67ED-4AA0-9911-F56563A053B0}.Debug|Any CPU.Build.0 = Debug|Any CPU
		{4F18B772-67ED-4AA0-9911-F56563A053B0}.Release|Any CPU.ActiveCfg = Release|Any CPU
		{4F18B772-67ED-4AA0-9911-F56563A053B0}.Release|Any CPU.Build.0 = Release|Any CPU
		{31FD86AA-DA48-4D70-8205-9E048726BB58}.Debug|Any CPU.ActiveCfg = Debug|Any CPU
		{31FD86AA-DA48-4D70-8205-9E048726BB58}.Debug|Any CPU.Build.0 = Debug|Any CPU
		{31FD86AA-DA48-4D70-8205-9E048726BB58}.Release|Any CPU.ActiveCfg = Release|Any CPU
		{31FD86AA-DA48-4D70-8205-9E048726BB58}.Release|Any CPU.Build.0 = Release|Any CPU
		{1816EF36-9650-46EF-8DC0-A5B6CAD1D042}.Debug|Any CPU.ActiveCfg = Debug|Any CPU
		{1816EF36-9650-46EF-8DC0-A5B6CAD1D042}.Debug|Any CPU.Build.0 = Debug|Any CPU
		{1816EF36-9650-46EF-8DC0-A5B6CAD1D042}.Release|Any CPU.ActiveCfg = Release|Any CPU
		{1816EF36-9650-46EF-8DC0-A5B6CAD1D042}.Release|Any CPU.Build.0 = Release|Any CPU
		{49F0C452-F47F-480A-966D-8CAC7DCCB4AE}.Debug|Any CPU.ActiveCfg = Debug|Any CPU
		{49F0C452-F47F-480A-966D-8CAC7DCCB4AE}.Debug|Any CPU.Build.0 = Debug|Any CPU
		{49F0C452-F47F-480A-966D-8CAC7DCCB4AE}.Release|Any CPU.ActiveCfg = Release|Any CPU
		{49F0C452-F47F-480A-966D-8CAC7DCCB4AE}.Release|Any CPU.Build.0 = Release|Any CPU
		{A13175EE-06C1-4265-BE04-9E7D7B8B9D11}.Debug|Any CPU.ActiveCfg = Debug|Any CPU
		{A13175EE-06C1-4265-BE04-9E7D7B8B9D11}.Debug|Any CPU.Build.0 = Debug|Any CPU
		{A13175EE-06C1-4265-BE04-9E7D7B8B9D11}.Release|Any CPU.ActiveCfg = Release|Any CPU
		{A13175EE-06C1-4265-BE04-9E7D7B8B9D11}.Release|Any CPU.Build.0 = Release|Any CPU
		{2A7116D4-E277-4BE1-A72C-DB27FFFBA022}.Debug|Any CPU.ActiveCfg = Debug|Any CPU
		{2A7116D4-E277-4BE1-A72C-DB27FFFBA022}.Debug|Any CPU.Build.0 = Debug|Any CPU
		{2A7116D4-E277-4BE1-A72C-DB27FFFBA022}.Release|Any CPU.ActiveCfg = Release|Any CPU
		{2A7116D4-E277-4BE1-A72C-DB27FFFBA022}.Release|Any CPU.Build.0 = Release|Any CPU
		{92AC0388-9305-49F3-BF49-500026532245}.Debug|Any CPU.ActiveCfg = Debug|Any CPU
		{92AC0388-9305-49F3-BF49-500026532245}.Debug|Any CPU.Build.0 = Debug|Any CPU
		{92AC0388-9305-49F3-BF49-500026532245}.Release|Any CPU.ActiveCfg = Release|Any CPU
		{92AC0388-9305-49F3-BF49-500026532245}.Release|Any CPU.Build.0 = Release|Any CPU
		{1AE9F379-7900-4CA4-A662-8C157EE52017}.Debug|Any CPU.ActiveCfg = Debug|Any CPU
		{1AE9F379-7900-4CA4-A662-8C157EE52017}.Debug|Any CPU.Build.0 = Debug|Any CPU
		{1AE9F379-7900-4CA4-A662-8C157EE52017}.Release|Any CPU.ActiveCfg = Release|Any CPU
		{1AE9F379-7900-4CA4-A662-8C157EE52017}.Release|Any CPU.Build.0 = Release|Any CPU
	EndGlobalSection
	GlobalSection(SolutionProperties) = preSolution
		HideSolutionNode = FALSE
	EndGlobalSection
	GlobalSection(ExtensibilityGlobals) = postSolution
		SolutionGuid = {4DCAA727-BC5A-4307-9011-615410F20FC9}
	EndGlobalSection
EndGlobal
